Microsoft Visual Studio Solution File, Format Version 12.00
# Visual Studio Version 17
VisualStudioVersion = 17.5.2.0
MinimumVisualStudioVersion = 10.0.40219.1
Project("{FAE04EC0-301F-11D3-BF4B-00C04F79EFBC}") = "GONNFlow-CD", "GONNFlow-CD.csproj", "{2AADC57B-A12A-E289-EFA1-6A49C740D887}"
EndProject
Global
	GlobalSection(SolutionConfigurationPlatforms) = preSolution
		Debug|Any CPU = Debug|Any CPU
		Release|Any CPU = Release|Any CPU
	EndGlobalSection
	GlobalSection(ProjectConfigurationPlatforms) = postSolution
		{2AADC57B-A12A-E289-EFA1-6A49C740D887}.Debug|Any CPU.ActiveCfg = Debug|Any CPU
		{2AADC57B-A12A-E289-EFA1-6A49C740D887}.Debug|Any CPU.Build.0 = Debug|Any CPU
		{2AADC57B-A12A-E289-EFA1-6A49C740D887}.Release|Any CPU.ActiveCfg = Release|Any CPU
		{2AADC57B-A12A-E289-EFA1-6A49C740D887}.Release|Any CPU.Build.0 = Release|Any CPU
	EndGlobalSection
	GlobalSection(SolutionProperties) = preSolution
		HideSolutionNode = FALSE
	EndGlobalSection
	GlobalSection(ExtensibilityGlobals) = postSolution
		SolutionGuid = {F4B00244-9D0E-4ABF-84E0-E954C1906FC3}
	EndGlobalSection
EndGlobal
